Microsoft Visual Studio Solution File, Format Version 12.00
# Visual Studio Version 17
VisualStudioVersion = 17.5.2.0
MinimumVisualStudioVersion = 10.0.40219.1
Project("{FAE04EC0-301F-11D3-BF4B-00C04F79EFBC}") = "CentoCusto.Api", "CentoCusto.Api\CentoCusto.Api.csproj", "{7D198EB8-37F0-2DEF-74DB-17318A0AC400}"
EndProject
Global
	GlobalSection(SolutionConfigurationPlatforms) = preSolution
		Debug|Any CPU = Debug|Any CPU
		Release|Any CPU = Release|Any CPU
	EndGlobalSection
	GlobalSection(ProjectConfigurationPlatforms) = postSolution
		{7D198EB8-37F0-2DEF-74DB-17318A0AC400}.Debug|Any CPU.ActiveCfg = Debug|Any CPU
		{7D198EB8-37F0-2DEF-74DB-17318A0AC400}.Debug|Any CPU.Build.0 = Debug|Any CPU
		{7D198EB8-37F0-2DEF-74DB-17318A0AC400}.Release|Any CPU.ActiveCfg = Release|Any CPU
		{7D198EB8-37F0-2DEF-74DB-17318A0AC400}.Release|Any CPU.Build.0 = Release|Any CPU
	EndGlobalSection
	GlobalSection(SolutionProperties) = preSolution
		HideSolutionNode = FALSE
	EndGlobalSection
	GlobalSection(ExtensibilityGlobals) = postSolution
		SolutionGuid = {EA0D95D0-6BA0-4154-9482-CAE73E4063B6}
	EndGlobalSection
EndGlobal
